{
  "requires": true,
  "lockfileVersion": 1,
  "dependencies": {
    "adler-32": {
      "version": "1.2.0",
      "resolved": "https://registry.npmjs.org/adler-32/-/adler-32-1.2.0.tgz",
      "integrity": "sha1-aj5r8KY5ALoVZSgIyxXGgT0aXyU=",
      "requires": {
        "exit-on-epipe": "1.0.1",
        "printj": "1.1.2"
      }
    },
    "async": {
      "version": "2.6.0",
      "resolved": "https://registry.npmjs.org/async/-/async-2.6.0.tgz",
      "integrity": "sha512-xAfGg1/NTLBBKlHFmnd7PlmUW9KhVQIUuSrYem9xzFUZy13ScvtyGGejaae9iAVRiRq9+Cx7DPFaAAhCpyxyPw==",
      "requires": {
        "lodash": "4.17.10"
      }
    },
    "cfb": {
      "version": "1.0.6",
      "resolved": "https://registry.npmjs.org/cfb/-/cfb-1.0.6.tgz",
      "integrity": "sha512-HDWN8FEiZ5JbVZZqtlrR6K3aaC8FTO0benJrRtE93R2zY3nxNOb+Oda+fUnXFkibmY62+lUvb/Us/eDgkVWSZQ==",
      "requires": {
        "commander": "2.14.1",
        "printj": "1.1.2"
      }
    },
    "codepage": {
      "version": "1.12.2",
      "resolved": "https://registry.npmjs.org/codepage/-/codepage-1.12.2.tgz",
      "integrity": "sha512-FAN+oPs/ocaPLFvIt4vEOHgWA6UJ6t+fVbbVBoXDpTpC+4JYasomYZEEjR/Miph3qQrVnIShRwwmwu4P35JW1w==",
      "requires": {
        "commander": "2.14.1",
        "exit-on-epipe": "1.0.1"
      }
    },
    "commander": {
      "version": "2.14.1",
      "resolved": "https://registry.npmjs.org/commander/-/commander-2.14.1.tgz",
      "integrity": "sha512-+YR16o3rK53SmWHU3rEM3tPAh2rwb1yPcQX5irVn7mb0gXbwuCCrnkbV5+PBfETdfg1vui07nM6PCG1zndcjQw=="
    },
    "crc-32": {
      "version": "1.2.0",
      "resolved": "https://registry.npmjs.org/crc-32/-/crc-32-1.2.0.tgz",
      "integrity": "sha512-1uBwHxF+Y/4yF5G48fwnKq6QsIXheor3ZLPT80yGBV1oEUwpPojlEhQbWKVw1VwcTQyMGHK1/XMmTjmlsmTTGA==",
      "requires": {
        "exit-on-epipe": "1.0.1",
        "printj": "1.1.2"
      }
    },
    "csv": {
      "version": "3.0.2",
      "resolved": "https://registry.npmjs.org/csv/-/csv-3.0.2.tgz",
      "integrity": "sha512-ARn20iNUAVVQcrzYIzv/OiRDHKHEWbdDDmxcHxa9WjGWNr61AeZl7Zm06DEouSesbgUNUz4hOE4V69vptoyyeQ==",
      "requires": {
        "csv-generate": "2.0.2",
        "csv-parse": "2.4.0",
        "csv-stringify": "3.0.0",
        "stream-transform": "1.0.2"
      }
    },
    "csv-generate": {
      "version": "2.0.2",
      "resolved": "https://registry.npmjs.org/csv-generate/-/csv-generate-2.0.2.tgz",
      "integrity": "sha512-oyidhQ/sQcqKOyt+hRnL9oiqFFWsEkOwBE7tEV3pwku6dSuFUQqTGfhYXH/HZ3rKy8xBtcrwsspmXVo+LPijuA=="
    },
    "csv-parse": {
      "version": "2.4.0",
      "resolved": "https://registry.npmjs.org/csv-parse/-/csv-parse-2.4.0.tgz",
      "integrity": "sha512-C/Biz45WWkL7yGvzyD4ONDMaQFHC/nIrSCOh9YCEBLsDQ4JOSDsgp7oyTFvOaMwvI/OVfJ7qLIPcx00Dk/7USw=="
    },
    "csv-stringify": {
      "version": "3.0.0",
      "resolved": "https://registry.npmjs.org/csv-stringify/-/csv-stringify-3.0.0.tgz",
      "integrity": "sha512-My0hdeq8dhDOa68KgsvJzCeK3306TpYffOB5evSG1HBaRf7RzpUgfUkYVsELbfFo9fUsAKtVGFdsdRGjkUuW1A==",
      "requires": {
        "lodash.get": "4.4.2"
      }
    },
    "exit-on-epipe": {
      "version": "1.0.1",
      "resolved": "https://registry.npmjs.org/exit-on-epipe/-/exit-on-epipe-1.0.1.tgz",
      "integrity": "sha512-h2z5mrROTxce56S+pnvAV890uu7ls7f1kEvVGJbw1OlFH3/mlJ5bkXu0KRyW94v37zzHPiUd55iLn3DA7TjWpw=="
    },
    "frac": {
      "version": "1.1.2",
      "resolved": "https://registry.npmjs.org/frac/-/frac-1.1.2.tgz",
      "integrity": "sha512-w/XBfkibaTl3YDqASwfDUqkna4Z2p9cFSr1aHDt0WoMTECnRfBOv2WArlZILlqgWlmdIlALXGpM2AOhEk5W3IA=="
    },
    "lodash": {
      "version": "4.17.10",
      "resolved": "https://registry.npmjs.org/lodash/-/lodash-4.17.10.tgz",
      "integrity": "sha512-UejweD1pDoXu+AD825lWwp4ZGtSwgnpZxb3JDViD7StjQz+Nb/6l093lx4OQ0foGWNRoc19mWy7BzL+UAK2iVg=="
    },
    "lodash.get": {
      "version": "4.4.2",
      "resolved": "https://registry.npmjs.org/lodash.get/-/lodash.get-4.4.2.tgz",
      "integrity": "sha1-LRd/ZS+jHpObRDjVNBSZ36OCXpk="
    },
    "node-csv": {
      "version": "0.1.2",
      "resolved": "https://registry.npmjs.org/node-csv/-/node-csv-0.1.2.tgz",
      "integrity": "sha1-/8ht8l89wHOQIKsVEh4tMDPnRwA="
    },
    "node-xlsx": {
      "version": "0.12.0",
      "resolved": "https://registry.npmjs.org/node-xlsx/-/node-xlsx-0.12.0.tgz",
      "integrity": "sha512-Tkxs1EYdpM8+JFT0h+XarihWLEQPe3ZsUAxA//dBxjslVN9vz0hjrErRt//c2i6aD+xZ2HVur0lvzkw25B0uPw==",
      "requires": {
        "xlsx": "0.12.10"
      }
    },
    "printj": {
      "version": "1.1.2",
      "resolved": "https://registry.npmjs.org/printj/-/printj-1.1.2.tgz",
      "integrity": "sha512-zA2SmoLaxZyArQTOPj5LXecR+RagfPSU5Kw1qP+jkWeNlrq+eJZyY2oS68SU1Z/7/myXM4lo9716laOFAVStCQ=="
    },
    "ssf": {
      "version": "0.10.2",
      "resolved": "https://registry.npmjs.org/ssf/-/ssf-0.10.2.tgz",
      "integrity": "sha512-rDhAPm9WyIsY8eZEKyE8Qsotb3j/wBdvMWBUsOhJdfhKGLfQidRjiBUV0y/MkyCLiXQ38FG6LWW/VYUtqlIDZQ==",
      "requires": {
        "frac": "1.1.2"
      }
    },
    "stream-transform": {
      "version": "1.0.2",
      "resolved": "https://registry.npmjs.org/stream-transform/-/stream-transform-1.0.2.tgz",
      "integrity": "sha512-LNcZSF01PZ+bM0OqwPY7UHPiKoxSmLGHAcqakvh01DCU98ONEslLORdyBPdmTqjTpZSfCiaYLV4sci9y5M47oA=="
    },
    "xlsx": {
      "version": "0.12.10",
      "resolved": "https://registry.npmjs.org/xlsx/-/xlsx-0.12.10.tgz",
      "integrity": "sha1-wucb42TZDs4uCPC66RVjSDxIl/g=",
      "requires": {
        "adler-32": "1.2.0",
        "cfb": "1.0.6",
        "codepage": "1.12.2",
        "commander": "2.14.1",
        "crc-32": "1.2.0",
        "exit-on-epipe": "1.0.1",
        "ssf": "0.10.2"
      }
    }
  }
}
